
Microsoft Visual Studio Solution File, Format Version 12.00
# Visual Studio 15
VisualStudioVersion = 15.0.27004.2005
MinimumVisualStudioVersion = 10.0.40219.1
Project("{8BC9CEB8-8B4A-11D0-8D11-00A0C91BC942}") = "3D_DOOR_WIND_ANIMATION", "3D_DOOR_WIND_ANIMATION.vcxproj", "{3D48011F-10CF-4A82-BCCD-4E4C801D7B82}"
EndProject
Global
	GlobalSection(SolutionConfigurationPlatforms) = preSolution
		Debug|x64 = Debug|x64
		Debug|x86 = Debug|x86
		Release|x64 = Release|x64
		Release|x86 = Release|x86
	EndGlobalSection
	GlobalSection(ProjectConfigurationPlatforms) = postSolution
		{3D48011F-10CF-4A82-BCCD-4E4C801D7B82}.Debug|x64.ActiveCfg = Debug|x64
		{3D48011F-10CF-4A82-BCCD-4E4C801D7B82}.Debug|x64.Build.0 = Debug|x64
		{3D48011F-10CF-4A82-BCCD-4E4C801D7B82}.Debug|x86.ActiveCfg = Debug|Win32
		{3D48011F-10CF-4A82-BCCD-4E4C801D7B82}.Debug|x86.Build.0 = Debug|Win32
		{3D48011F-10CF-4A82-BCCD-4E4C801D7B82}.Release|x64.ActiveCfg = Release|x64
		{3D48011F-10CF-4A82-BCCD-4E4C801D7B82}.Release|x64.Build.0 = Release|x64
		{3D48011F-10CF-4A82-BCCD-4E4C801D7B82}.Release|x86.ActiveCfg = Release|Win32
		{3D48011F-10CF-4A82-BCCD-4E4C801D7B82}.Release|x86.Build.0 = Release|Win32
	EndGlobalSection
	GlobalSection(SolutionProperties) = preSolution
		HideSolutionNode = FALSE
	EndGlobalSection
	GlobalSection(ExtensibilityGlobals) = postSolution
		SolutionGuid = {97FE908C-65E0-4E3C-B245-C35F8D418FB8}
	EndGlobalSection
EndGlobal
